
Microsoft Visual Studio Solution File, Format Version 12.00
# Visual Studio Version 16
VisualStudioVersion = 16.0.30413.136
MinimumVisualStudioVersion = 10.0.40219.1
Project("{FAE04EC0-301F-11D3-BF4B-00C04F79EFBC}") = "QuickStart", "QuickStart\QuickStart.csproj", "{2ED6DBDE-6CF7-424B-B919-C0318B9D7B0B}"
EndProject
Global
	GlobalSection(SolutionConfigurationPlatforms) = preSolution
		Debug|Any CPU = Debug|Any CPU
		Release|Any CPU = Release|Any CPU
	EndGlobalSection
	GlobalSection(ProjectConfigurationPlatforms) = postSolution
		{2ED6DBDE-6CF7-424B-B919-C0318B9D7B0B}.Debug|Any CPU.ActiveCfg = Debug|Any CPU
		{2ED6DBDE-6CF7-424B-B919-C0318B9D7B0B}.Debug|Any CPU.Build.0 = Debug|Any CPU
		{2ED6DBDE-6CF7-424B-B919-C0318B9D7B0B}.Release|Any CPU.ActiveCfg = Release|Any CPU
		{2ED6DBDE-6CF7-424B-B919-C0318B9D7B0B}.Release|Any CPU.Build.0 = Release|Any CPU
	EndGlobalSection
	GlobalSection(SolutionProperties) = preSolution
		HideSolutionNode = FALSE
	EndGlobalSection
	GlobalSection(ExtensibilityGlobals) = postSolution
		SolutionGuid = {93E5DC7F-CAF1-4FED-80CA-03C131A10D58}
	EndGlobalSection
EndGlobal
